
Microsoft Visual Studio Solution File, Format Version 12.00
# Visual Studio Version 17
VisualStudioVersion = 17.14.36301.6
MinimumVisualStudioVersion = 10.0.40219.1
Project("{FAE04EC0-301F-11D3-BF4B-00C04F79EFBC}") = "Finite-State-Machine-viewer", "Finite-State-Machine-viewer\Finite-State-Machine-viewer.csproj", "{B5B0F4B6-B2DE-4562-B3C1-65DE168FF23E}"
EndProject
Project("{FAE04EC0-301F-11D3-BF4B-00C04F79EFBC}") = "FSM.Tests", "FSM.Tests\FSM.Tests.csproj", "{089896EA-3F0B-4549-ACD9-382774134E7E}"
EndProject
Global
	GlobalSection(SolutionConfigurationPlatforms) = preSolution
		Debug|Any CPU = Debug|Any CPU
		Debug|x64 = Debug|x64
		Debug|x86 = Debug|x86
		Release|Any CPU = Release|Any CPU
		Release|x64 = Release|x64
		Release|x86 = Release|x86
	EndGlobalSection
	GlobalSection(ProjectConfigurationPlatforms) = postSolution
		{B5B0F4B6-B2DE-4562-B3C1-65DE168FF23E}.Debug|Any CPU.ActiveCfg = Debug|Any CPU
		{B5B0F4B6-B2DE-4562-B3C1-65DE168FF23E}.Debug|Any CPU.Build.0 = Debug|Any CPU
		{B5B0F4B6-B2DE-4562-B3C1-65DE168FF23E}.Debug|x64.ActiveCfg = Debug|Any CPU
		{B5B0F4B6-B2DE-4562-B3C1-65DE168FF23E}.Debug|x64.Build.0 = Debug|Any CPU
		{B5B0F4B6-B2DE-4562-B3C1-65DE168FF23E}.Debug|x86.ActiveCfg = Debug|Any CPU
		{B5B0F4B6-B2DE-4562-B3C1-65DE168FF23E}.Debug|x86.Build.0 = Debug|Any CPU
		{B5B0F4B6-B2DE-4562-B3C1-65DE168FF23E}.Release|Any CPU.ActiveCfg = Release|Any CPU
		{B5B0F4B6-B2DE-4562-B3C1-65DE168FF23E}.Release|Any CPU.Build.0 = Release|Any CPU
		{B5B0F4B6-B2DE-4562-B3C1-65DE168FF23E}.Release|x64.ActiveCfg = Release|Any CPU
		{B5B0F4B6-B2DE-4562-B3C1-65DE168FF23E}.Release|x64.Build.0 = Release|Any CPU
		{B5B0F4B6-B2DE-4562-B3C1-65DE168FF23E}.Release|x86.ActiveCfg = Release|Any CPU
		{B5B0F4B6-B2DE-4562-B3C1-65DE168FF23E}.Release|x86.Build.0 = Release|Any CPU
		{089896EA-3F0B-4549-ACD9-382774134E7E}.Debug|Any CPU.ActiveCfg = Debug|Any CPU
		{089896EA-3F0B-4549-ACD9-382774134E7E}.Debug|Any CPU.Build.0 = Debug|Any CPU
		{089896EA-3F0B-4549-ACD9-382774134E7E}.Debug|x64.ActiveCfg = Debug|Any CPU
		{089896EA-3F0B-4549-ACD9-382774134E7E}.Debug|x64.Build.0 = Debug|Any CPU
		{089896EA-3F0B-4549-ACD9-382774134E7E}.Debug|x86.ActiveCfg = Debug|Any CPU
		{089896EA-3F0B-4549-ACD9-382774134E7E}.Debug|x86.Build.0 = Debug|Any CPU
		{089896EA-3F0B-4549-ACD9-382774134E7E}.Release|Any CPU.ActiveCfg = Release|Any CPU
		{089896EA-3F0B-4549-ACD9-382774134E7E}.Release|Any CPU.Build.0 = Release|Any CPU
		{089896EA-3F0B-4549-ACD9-382774134E7E}.Release|x64.ActiveCfg = Release|Any CPU
		{089896EA-3F0B-4549-ACD9-382774134E7E}.Release|x64.Build.0 = Release|Any CPU
		{089896EA-3F0B-4549-ACD9-382774134E7E}.Release|x86.ActiveCfg = Release|Any CPU
		{089896EA-3F0B-4549-ACD9-382774134E7E}.Release|x86.Build.0 = Release|Any CPU
	EndGlobalSection
	GlobalSection(SolutionProperties) = preSolution
		HideSolutionNode = FALSE
	EndGlobalSection
	GlobalSection(ExtensibilityGlobals) = postSolution
		SolutionGuid = {CEBC1AC5-097C-44CE-B78A-EBF840941CFB}
	EndGlobalSection
EndGlobal
